
Microsoft Visual Studio Solution File, Format Version 12.00
# Visual Studio 2012
Project("{FAE04EC0-301F-11D3-BF4B-00C04F79EFBC}") = "ComicTales.Web", "ComicTales.Web\ComicTales.Web.csproj", "{99703CC7-3F2C-4CD9-8728-B90ECD9E4555}"
EndProject
Global
	GlobalSection(SolutionConfigurationPlatforms) = preSolution
		Debug|Any CPU = Debug|Any CPU
		Release|Any CPU = Release|Any CPU
	EndGlobalSection
	GlobalSection(ProjectConfigurationPlatforms) = postSolution
		{99703CC7-3F2C-4CD9-8728-B90ECD9E4555}.Debug|Any CPU.ActiveCfg = Debug|Any CPU
		{99703CC7-3F2C-4CD9-8728-B90ECD9E4555}.Debug|Any CPU.Build.0 = Debug|Any CPU
		{99703CC7-3F2C-4CD9-8728-B90ECD9E4555}.Release|Any CPU.ActiveCfg = Release|Any CPU
		{99703CC7-3F2C-4CD9-8728-B90ECD9E4555}.Release|Any CPU.Build.0 = Release|Any CPU
	EndGlobalSection
	GlobalSection(SolutionProperties) = preSolution
		HideSolutionNode = FALSE
	EndGlobalSection
	GlobalSection(ExtensibilityGlobals) = postSolution
		EnterpriseLibraryConfigurationToolBinariesPath = packages\Unity.2.1.505.2\lib\NET35
	EndGlobalSection
EndGlobal
